// !$*UTF8*$!
{
	archiveVersion = 1;
	classes = {
	};
	objectVersion = 46;
	objects = {

/* Begin PBXBuildFile section */
		8F121C561D4EACB3003E52C6 /* CalcStorage.swift in Sources */ = {isa = PBXBuildFile; fileRef = 8F121C551D4EACB3003E52C6 /* CalcStorage.swift */; };
		8FB006FA1D4C05FB00E34606 /* AppDelegate.swift in Sources */ = {isa = PBXBuildFile; fileRef = 8FB006F91D4C05FB00E34606 /* AppDelegate.swift */; };
		8FB006FC1D4C05FB00E34606 /* ViewController.swift in Sources */ = {isa = PBXBuildFile; fileRef = 8FB006FB1D4C05FB00E34606 /* ViewController.swift */; };
		8FB006FF1D4C05FB00E34606 /* Main.storyboard in Resources */ = {isa = PBXBuildFile; fileRef = 8FB006FD1D4C05FB00E34606 /* Main.storyboard */; };
		8FB007011D4C05FB00E34606 /* Assets.xcassets in Resources */ = {isa = PBXBuildFile; fileRef = 8FB007001D4C05FB00E34606 /* Assets.xcassets */; };
		8FB007041D4C05FC00E34606 /* LaunchScreen.storyboard in Resources */ = {isa = PBXBuildFile; fileRef = 8FB007021D4C05FC00E34606 /* LaunchScreen.storyboard */; };
/* End PBXBuildFile section */

/* Begin PBXFileReference section */
		8F121C551D4EACB3003E52C6 /* CalcStorage.swift */ = {isa = PBXFileReference; fileEncoding = 4; lastKnownFileType = sourcecode.swift; path = CalcStorage.swift; sourceTree = "<group>"; };
		8FB006F61D4C05FB00E34606 /* TipCalculator.app */ = {isa = PBXFileReference; explicitFileType = wrapper.application; includeInIndex = 0; path = TipCalculator.app; sourceTree = BUILT_PRODUCTS_DIR; };
		8FB006F91D4C05FB00E34606 /* AppDelegate.swift */ = {isa = PBXFileReference; lastKnownFileType = sourcecode.swift; path = AppDelegate.swift; sourceTree = "<group>"; };
		8FB006FB1D4C05FB00E34606 /* ViewController.swift */ = {isa = PBXFileReference; lastKnownFileType = sourcecode.swift; name = ViewController.swift; path = TipCalculator/ViewController.swift; sourceTree = "<group>"; };
		8FB006FE1D4C05FB00E34606 /* Base */ = {isa = PBXFileReference; lastKnownFileType = file.storyboard; name = Base; path = Base.lproj/Main.storyboard; sourceTree = "<group>"; };
		8FB007001D4C05FB00E34606 /* Assets.xcassets */ = {isa = PBXFileReference; lastKnownFileType = folder.assetcatalog; path = Assets.xcassets; sourceTree = "<group>"; };
		8FB007031D4C05FC00E34606 /* Base */ = {isa = PBXFileReference; lastKnownFileType = file.storyboard; name = Base; path = Base.lproj/LaunchScreen.storyboard; sourceTree = "<group>"; };
		8FB007051D4C05FC00E34606 /* Info.plist */ = {isa = PBXFileReference; lastKnownFileType = text.plist.xml; path = Info.plist; sourceTree = "<group>"; };
/* End PBXFileReference section */

/* Begin PBXFrameworksBuildPhase section */
		8FB006F31D4C05FB00E34606 /* Frameworks */ = {
			isa = PBXFrameworksBuildPhase;
			buildActionMask = 2147483647;
			files = (
			);
			runOnlyForDeploymentPostprocessing = 0;
		};
/* End PBXFrameworksBuildPhase section */

/* Begin PBXGroup section */
		8F121C521D4EABD9003E52C6 /* Model */ = {
			isa = PBXGroup;
			children = (
				8F121C551D4EACB3003E52C6 /* CalcStorage.swift */,
			);
			name = Model;
			path = ..;
			sourceTree = "<group>";
		};
		8F121C531D4EABE2003E52C6 /* View */ = {
			isa = PBXGroup;
			children = (
			);
			name = View;
			path = ..;
			sourceTree = "<group>";
		};
		8F121C541D4EABEA003E52C6 /* Controller */ = {
			isa = PBXGroup;
			children = (
				8FB006FB1D4C05FB00E34606 /* ViewController.swift */,
			);
			name = Controller;
			path = ..;
			sourceTree = "<group>";
		};
		8FB006ED1D4C05FB00E34606 = {
			isa = PBXGroup;
			children = (
				8FB006F81D4C05FB00E34606 /* TipCalculator */,
				8FB006F71D4C05FB00E34606 /* Products */,
			);
			sourceTree = "<group>";
		};
		8FB006F71D4C05FB00E34606 /* Products */ = {
			isa = PBXGroup;
			children = (
				8FB006F61D4C05FB00E34606 /* TipCalculator.app */,
			);
			name = Products;
			sourceTree = "<group>";
		};
		8FB006F81D4C05FB00E34606 /* TipCalculator */ = {
			isa = PBXGroup;
			children = (
				8F121C521D4EABD9003E52C6 /* Model */,
				8F121C531D4EABE2003E52C6 /* View */,
				8F121C541D4EABEA003E52C6 /* Controller */,
				8FB006FD1D4C05FB00E34606 /* Main.storyboard */,
				8FB006F91D4C05FB00E34606 /* AppDelegate.swift */,
				8FB007001D4C05FB00E34606 /* Assets.xcassets */,
				8FB007021D4C05FC00E34606 /* LaunchScreen.storyboard */,
				8FB007051D4C05FC00E34606 /* Info.plist */,
			);
			path = TipCalculator;
			sourceTree = "<group>";
		};
/* End PBXGroup section */

/* Begin PBXNativeTarget section */
		8FB006F51D4C05FB00E34606 /* TipCalculator */ = {
			isa = PBXNativeTarget;
			buildConfigurationList = 8FB007081D4C05FC00E34606 /* Build configuration list for PBXNativeTarget "TipCalculator" */;
			buildPhases = (
				8FB006F21D4C05FB00E34606 /* Sources */,
				8FB006F31D4C05FB00E34606 /* Frameworks */,
				8FB006F41D4C05FB00E34606 /* Resources */,
			);
			buildRules = (
			);
			dependencies = (
			);
			name = TipCalculator;
			productName = TipCalculator;
			productReference = 8FB006F61D4C05FB00E34606 /* TipCalculator.app */;
			productType = "com.apple.product-type.application";
		};
/* End PBXNativeTarget section */

/* Begin PBXProject section */
		8FB006EE1D4C05FB00E34606 /* Project object */ = {
			isa = PBXProject;
			attributes = {
				LastSwiftUpdateCheck = 0800;
				LastUpgradeCheck = 0800;
				ORGANIZATIONNAME = "Brad Gray";
				TargetAttributes = {
					8FB006F51D4C05FB00E34606 = {
						CreatedOnToolsVersion = 8.0;
						DevelopmentTeam = QYT7DAG4YU;
						DevelopmentTeamName = "Bradford gray";
						ProvisioningStyle = Automatic;
					};
				};
			};
			buildConfigurationList = 8FB006F11D4C05FB00E34606 /* Build configuration list for PBXProject "TipCalculator" */;
			compatibilityVersion = "Xcode 3.2";
			developmentRegion = English;
			hasScannedForEncodings = 0;
			knownRegions = (
				en,
				Base,
			);
			mainGroup = 8FB006ED1D4C05FB00E34606;
			productRefGroup = 8FB006F71D4C05FB00E34606 /* Products */;
			projectDirPath = "";
			projectRoot = "";
			targets = (
				8FB006F51D4C05FB00E34606 /* TipCalculator */,
			);
		};
/* End PBXProject section */

/* Begin PBXResourcesBuildPhase section */
		8FB006F41D4C05FB00E34606 /* Resources */ = {
			isa = PBXResourcesBuildPhase;
			buildActionMask = 2147483647;
			files = (
				8FB007041D4C05FC00E34606 /* LaunchScreen.storyboard in Resources */,
				8FB007011D4C05FB00E34606 /* Assets.xcassets in Resources */,
				8FB006FF1D4C05FB00E34606 /* Main.storyboard in Resources */,
			);
			runOnlyForDeploymentPostprocessing = 0;
		};
/* End PBXResourcesBuildPhase section */

/* Begin PBXSourcesBuildPhase section */
		8FB006F21D4C05FB00E34606 /* Sources */ = {
			isa = PBXSourcesBuildPhase;
			buildActionMask = 2147483647;
			files = (
				8FB006FC1D4C05FB00E34606 /* ViewController.swift in Sources */,
				8FB006FA1D4C05FB00E34606 /* AppDelegate.swift in Sources */,
				8F121C561D4EACB3003E52C6 /* CalcStorage.swift in Sources */,
			);
			runOnlyForDeploymentPostprocessing = 0;
		};
/* End PBXSourcesBuildPhase section */

/* Begin PBXVariantGroup section */
		8FB006FD1D4C05FB00E34606 /* Main.storyboard */ = {
			isa = PBXVariantGroup;
			children = (
				8FB006FE1D4C05FB00E34606 /* Base */,
			);
			name = Main.storyboard;
			sourceTree = "<group>";
		};
		8FB007021D4C05FC00E34606 /* LaunchScreen.storyboard */ = {
			isa = PBXVariantGroup;
			children = (
				8FB007031D4C05FC00E34606 /* Base */,
			);
			name = LaunchScreen.storyboard;
			sourceTree = "<group>";
		};
/* End PBXVariantGroup section */

/* Begin XCBuildConfiguration section */
		8FB007061D4C05FC00E34606 /* Debug */ = {
			isa = XCBuildConfiguration;
			buildSettings = {
				ALWAYS_SEARCH_USER_PATHS = NO;
				CLANG_ANALYZER_NONNULL = YES;
				CLANG_CXX_LANGUAGE_STANDARD = "gnu++0x";
				CLANG_CXX_LIBRARY = "libc++";
				CLANG_ENABLE_MODULES = YES;
				CLANG_ENABLE_OBJC_ARC = YES;
				CLANG_WARN_BOOL_CONVERSION = YES;
				CLANG_WARN_CONSTANT_CONVERSION = YES;
				CLANG_WARN_DIRECT_OBJC_ISA_USAGE = YES_ERROR;
				CLANG_WARN_DOCUMENTATION_COMMENTS = YES;
				CLANG_WARN_EMPTY_BODY = YES;
				CLANG_WARN_ENUM_CONVERSION = YES;
				CLANG_WARN_INT_CONVERSION = YES;
				CLANG_WARN_OBJC_ROOT_CLASS = YES_ERROR;
				CLANG_WARN_UNREACHABLE_CODE = YES;
				CLANG_WARN__DUPLICATE_METHOD_MATCH = YES;
				"CODE_SIGN_IDENTITY[sdk=iphoneos*]" = "iPhone Developer";
				COPY_PHASE_STRIP = NO;
				DEBUG_INFORMATION_FORMAT = dwarf;
				ENABLE_STRICT_OBJC_MSGSEND = YES;
				ENABLE_TESTABILITY = YES;
				GCC_C_LANGUAGE_STANDARD = gnu99;
				GCC_DYNAMIC_NO_PIC = NO;
				GCC_NO_COMMON_BLOCKS = YES;
				GCC_OPTIMIZATION_LEVEL = 0;
				GCC_PREPROCESSOR_DEFINITIONS = (
					"DEBUG=1",
					"$(inherited)",
				);
				GCC_WARN_64_TO_32_BIT_CONVERSION = YES;
				GCC_WARN_ABOUT_RETURN_TYPE = YES_ERROR;
				GCC_WARN_UNDECLARED_SELECTOR = YES;
				GCC_WARN_UNINITIALIZED_AUTOS = YES_AGGRESSIVE;
				GCC_WARN_UNUSED_FUNCTION = YES;
				GCC_WARN_UNUSED_VARIABLE = YES;
				IPHONEOS_DEPLOYMENT_TARGET = 10.0;
				MTL_ENABLE_DEBUG_INFO = YES;
				ONLY_ACTIVE_ARCH = YES;
				SDKROOT = iphoneos;
				SWIFT_ACTIVE_COMPILATION_CONDITIONS = DEBUG;
				SWIFT_OPTIMIZATION_LEVEL = "-Onone";
				TARGETED_DEVICE_FAMILY = "1,2";
			};
			name = Debug;
		};
		8FB007071D4C05FC00E34606 /* Release */ = {
			isa = XCBuildConfiguration;
			buildSettings = {
				ALWAYS_SEARCH_USER_PATHS = NO;
				CLANG_ANALYZER_NONNULL = YES;
				CLANG_CXX_LANGUAGE_STANDARD = "gnu++0x";
				CLANG_CXX_LIBRARY = "libc++";
				CLANG_ENABLE_MODULES = YES;
				CLANG_ENABLE_OBJC_ARC = YES;
				CLANG_WARN_BOOL_CONVERSION = YES;
				CLANG_WARN_CONSTANT_CONVERSION = YES;
				CLANG_WARN_DIRECT_OBJC_ISA_USAGE = YES_ERROR;
				CLANG_WARN_DOCUMENTATION_COMMENTS = YES;
				CLANG_WARN_EMPTY_BODY = YES;
				CLANG_WARN_ENUM_CONVERSION = YES;
				CLANG_WARN_INT_CONVERSION = YES;
				CLANG_WARN_OBJC_ROOT_CLASS = YES_ERROR;
				CLANG_WARN_UNREACHABLE_CODE = YES;
				CLANG_WARN__DUPLICATE_METHOD_MATCH = YES;
				"CODE_SIGN_IDENTITY[sdk=iphoneos*]" = "iPhone Developer";
				COPY_PHASE_STRIP = NO;
				DEBUG_INFORMATION_FORMAT = "dwarf-with-dsym";
				ENABLE_NS_ASSERTIONS = NO;
				ENABLE_STRICT_OBJC_MSGSEND = YES;
				GCC_C_LANGUAGE_STANDARD = gnu99;
				GCC_NO_COMMON_BLOCKS = YES;
				GCC_WARN_64_TO_32_BIT_CONVERSION = YES;
				GCC_WARN_ABOUT_RETURN_TYPE = YES_ERROR;
				GCC_WARN_UNDECLARED_SELECTOR = YES;
				GCC_WARN_UNINITIALIZED_AUTOS = YES_AGGRESSIVE;
				GCC_WARN_UNUSED_FUNCTION = YES;
				GCC_WARN_UNUSED_VARIABLE = YES;
				IPHONEOS_DEPLOYMENT_TARGET = 10.0;
				MTL_ENABLE_DEBUG_INFO = NO;
				SDKROOT = iphoneos;
				SWIFT_OPTIMIZATION_LEVEL = "-Owholemodule";
				TARGETED_DEVICE_FAMILY = "1,2";
				VALIDATE_PRODUCT = YES;
			};
			name = Release;
		};
		8FB007091D4C05FC00E34606 /* Debug */ = {
			isa = XCBuildConfiguration;
			buildSettings = {
				ASSETCATALOG_COMPILER_APPICON_NAME = AppIcon;
				INFOPLIST_FILE = TipCalculator/Info.plist;
				LD_RUNPATH_SEARCH_PATHS = "$(inherited) @executable_path/Frameworks";
				PRODUCT_BUNDLE_IDENTIFIER = swiftgraydesign.TipCalculator;
				PRODUCT_NAME = "$(TARGET_NAME)";
				SWIFT_VERSION = 3.0;
			};
			name = Debug;
		};
		8FB0070A1D4C05FC00E34606 /* Release */ = {
			isa = XCBuildConfiguration;
			buildSettings = {
				ASSETCATALOG_COMPILER_APPICON_NAME = AppIcon;
				INFOPLIST_FILE = TipCalculator/Info.plist;
				LD_RUNPATH_SEARCH_PATHS = "$(inherited) @executable_path/Frameworks";
				PRODUCT_BUNDLE_IDENTIFIER = swiftgraydesign.TipCalculator;
				PRODUCT_NAME = "$(TARGET_NAME)";
				SWIFT_VERSION = 3.0;
			};
			name = Release;
		};
/* End XCBuildConfiguration section */

/* Begin XCConfigurationList section */
		8FB006F11D4C05FB00E34606 /* Build configuration list for PBXProject "TipCalculator" */ = {
			isa = XCConfigurationList;
			buildConfigurations = (
				8FB007061D4C05FC00E34606 /* Debug */,
				8FB007071D4C05FC00E34606 /* Release */,
			);
			defaultConfigurationIsVisible = 0;
			defaultConfigurationName = Release;
		};
		8FB007081D4C05FC00E34606 /* Build configuration list for PBXNativeTarget "TipCalculator" */ = {
			isa = XCConfigurationList;
			buildConfigurations = (
				8FB007091D4C05FC00E34606 /* Debug */,
				8FB0070A1D4C05FC00E34606 /* Release */,
			);
			defaultConfigurationIsVisible = 0;
			defaultConfigurationName = Release;
		};
/* End XCConfigurationList section */
	};
	rootObject = 8FB006EE1D4C05FB00E34606 /* Project object */;
}
